# This file is generated by running "yarn install" inside your project.
# Manual changes might be lost - proceed with caution!

__metadata:
  version: 8
  cacheKey: 10c0

"@cspotcode/source-map-support@npm:^0.8.0":
  version: 0.8.1
  resolution: "@cspotcode/source-map-support@npm:0.8.1"
  dependencies:
    "@jridgewell/trace-mapping": "npm:0.3.9"
  checksum: 10c0/05c5368c13b662ee4c122c7bfbe5dc0b613416672a829f3e78bc49a357a197e0218d6e74e7c66cfcd04e15a179acab080bd3c69658c9fbefd0e1ccd950a07fc6
  languageName: node
  linkType: hard

"@glideapps/ts-necessities@npm:2.1.2":
  version: 2.1.2
  resolution: "@glideapps/ts-necessities@npm:2.1.2"
  checksum: 10c0/56c0d6d75ece14c576d129d173e95fb65f967101267d978e3f3a38f900264163c77b78d4de636b3f045df8517116540eb284a643a4c286e7f37aa2acf364cc35
  languageName: node
  linkType: hard

"@glideapps/ts-necessities@npm:^2.1.2":
  version: 2.3.2
  resolution: "@glideapps/ts-necessities@npm:2.3.2"
  checksum: 10c0/ef9f180c4098dc9a89a9e76ab781f09a06512f0cb7c6f0477a8df7578ffe6a87b1bd29b73927505db46bb6b1385e74d1d84f13432d7f94ec3d155dfe305e4bc7
  languageName: node
  linkType: hard

"@jridgewell/resolve-uri@npm:^3.0.3":
  version: 3.1.2
  resolution: "@jridgewell/resolve-uri@npm:3.1.2"
  checksum: 10c0/d502e6fb516b35032331406d4e962c21fe77cdf1cbdb49c6142bcbd9e30507094b18972778a6e27cbad756209cfe34b1a27729e6fa08a2eb92b33943f680cf1e
  languageName: node
  linkType: hard

"@jridgewell/sourcemap-codec@npm:^1.4.10":
  version: 1.5.0
  resolution: "@jridgewell/sourcemap-codec@npm:1.5.0"
  checksum: 10c0/2eb864f276eb1096c3c11da3e9bb518f6d9fc0023c78344cdc037abadc725172c70314bdb360f2d4b7bffec7f5d657ce006816bc5d4ecb35e61b66132db00c18
  languageName: node
  linkType: hard

"@jridgewell/trace-mapping@npm:0.3.9":
  version: 0.3.9
  resolution: "@jridgewell/trace-mapping@npm:0.3.9"
  dependencies:
    "@jridgewell/resolve-uri": "npm:^3.0.3"
    "@jridgewell/sourcemap-codec": "npm:^1.4.10"
  checksum: 10c0/fa425b606d7c7ee5bfa6a31a7b050dd5814b4082f318e0e4190f991902181b4330f43f4805db1dd4f2433fd0ed9cc7a7b9c2683f1deeab1df1b0a98b1e24055b
  languageName: node
  linkType: hard

"@mark.probst/typescript-json-schema@npm:0.55.0":
  version: 0.55.0
  resolution: "@mark.probst/typescript-json-schema@npm:0.55.0"
  dependencies:
    "@types/json-schema": "npm:^7.0.9"
    "@types/node": "npm:^16.9.2"
    glob: "npm:^7.1.7"
    path-equal: "npm:^1.1.2"
    safe-stable-stringify: "npm:^2.2.0"
    ts-node: "npm:^10.9.1"
    typescript: "npm:4.9.4"
    yargs: "npm:^17.1.1"
  bin:
    typescript-json-schema: bin/typescript-json-schema
  checksum: 10c0/37cbfe15d188490e43b26dee6f6934f9debe31be506f2b5b48bc4866d8e47802754224b0f15057688fa9328a56ec3e1f3cfd4342445e4b7f5895cd352711e218
  languageName: node
  linkType: hard

"@tsconfig/node10@npm:^1.0.7":
  version: 1.0.11
  resolution: "@tsconfig/node10@npm:1.0.11"
  checksum: 10c0/28a0710e5d039e0de484bdf85fee883bfd3f6a8980601f4d44066b0a6bcd821d31c4e231d1117731c4e24268bd4cf2a788a6787c12fc7f8d11014c07d582783c
  languageName: node
  linkType: hard

"@tsconfig/node12@npm:^1.0.7":
  version: 1.0.11
  resolution: "@tsconfig/node12@npm:1.0.11"
  checksum: 10c0/dddca2b553e2bee1308a056705103fc8304e42bb2d2cbd797b84403a223b25c78f2c683ec3e24a095e82cd435387c877239bffcb15a590ba817cd3f6b9a99fd9
  languageName: node
  linkType: hard

"@tsconfig/node14@npm:^1.0.0":
  version: 1.0.3
  resolution: "@tsconfig/node14@npm:1.0.3"
  checksum: 10c0/67c1316d065fdaa32525bc9449ff82c197c4c19092b9663b23213c8cbbf8d88b6ed6a17898e0cbc2711950fbfaf40388938c1c748a2ee89f7234fc9e7fe2bf44
  languageName: node
  linkType: hard

"@tsconfig/node16@npm:^1.0.2":
  version: 1.0.4
  resolution: "@tsconfig/node16@npm:1.0.4"
  checksum: 10c0/05f8f2734e266fb1839eb1d57290df1664fe2aa3b0fdd685a9035806daa635f7519bf6d5d9b33f6e69dd545b8c46bd6e2b5c79acb2b1f146e885f7f11a42a5bb
  languageName: node
  linkType: hard

"@types/json-schema@npm:^7.0.9":
  version: 7.0.15
  resolution: "@types/json-schema@npm:7.0.15"
  checksum: 10c0/a996a745e6c5d60292f36731dd41341339d4eeed8180bb09226e5c8d23759067692b1d88e5d91d72ee83dfc00d3aca8e7bd43ea120516c17922cbcb7c3e252db
  languageName: node
  linkType: hard

"@types/node@npm:^16.9.2":
  version: 16.18.126
  resolution: "@types/node@npm:16.18.126"
  checksum: 10c0/5c137eb141d33de32b16ff26047ff6d449432b58d0d25f7cced2040c97727d81fe1099a7581eb336d14a6840f5b09e363bdd43d7a6995e8e81eb47aa51e413fc
  languageName: node
  linkType: hard

"@types/urijs@npm:^1.19.19":
  version: 1.19.25
  resolution: "@types/urijs@npm:1.19.25"
  checksum: 10c0/462464294f0cd5f2271e1ab760a45abe252a946559444188a4ad0edba39b1a8bff41b140b79596a5e3c44a5d0d29f78c9ab97b5e82efb1e8617093a549c22bf6
  languageName: node
  linkType: hard

"abort-controller@npm:^3.0.0":
  version: 3.0.0
  resolution: "abort-controller@npm:3.0.0"
  dependencies:
    event-target-shim: "npm:^5.0.0"
  checksum: 10c0/90ccc50f010250152509a344eb2e71977fbf8db0ab8f1061197e3275ddf6c61a41a6edfd7b9409c664513131dd96e962065415325ef23efa5db931b382d24ca5
  languageName: node
  linkType: hard

"acorn-walk@npm:^8.1.1":
  version: 8.3.4
  resolution: "acorn-walk@npm:8.3.4"
  dependencies:
    acorn: "npm:^8.11.0"
  checksum: 10c0/76537ac5fb2c37a64560feaf3342023dadc086c46da57da363e64c6148dc21b57d49ace26f949e225063acb6fb441eabffd89f7a3066de5ad37ab3e328927c62
  languageName: node
  linkType: hard

"acorn@npm:^8.11.0, acorn@npm:^8.4.1":
  version: 8.14.1
  resolution: "acorn@npm:8.14.1"
  bin:
    acorn: bin/acorn
  checksum: 10c0/dbd36c1ed1d2fa3550140000371fcf721578095b18777b85a79df231ca093b08edc6858d75d6e48c73e431c174dcf9214edbd7e6fa5911b93bd8abfa54e47123
  languageName: node
  linkType: hard

"ansi-regex@npm:^5.0.1":
  version: 5.0.1
  resolution: "ansi-regex@npm:5.0.1"
  checksum: 10c0/9a64bb8627b434ba9327b60c027742e5d17ac69277960d041898596271d992d4d52ba7267a63ca10232e29f6107fc8a835f6ce8d719b88c5f8493f8254813737
  languageName: node
  linkType: hard

"ansi-styles@npm:^3.2.1":
  version: 3.2.1
  resolution: "ansi-styles@npm:3.2.1"
  dependencies:
    color-convert: "npm:^1.9.0"
  checksum: 10c0/ece5a8ef069fcc5298f67e3f4771a663129abd174ea2dfa87923a2be2abf6cd367ef72ac87942da00ce85bd1d651d4cd8595aebdb1b385889b89b205860e977b
  languageName: node
  linkType: hard

"ansi-styles@npm:^4.0.0, ansi-styles@npm:^4.1.0":
  version: 4.3.0
  resolution: "ansi-styles@npm:4.3.0"
  dependencies:
    color-convert: "npm:^2.0.1"
  checksum: 10c0/895a23929da416f2bd3de7e9cb4eabd340949328ab85ddd6e484a637d8f6820d485f53933446f5291c3b760cbc488beb8e88573dd0f9c7daf83dccc8fe81b041
  languageName: node
  linkType: hard

"arg@npm:^4.1.0":
  version: 4.1.3
  resolution: "arg@npm:4.1.3"
  checksum: 10c0/070ff801a9d236a6caa647507bdcc7034530604844d64408149a26b9e87c2f97650055c0f049abd1efc024b334635c01f29e0b632b371ac3f26130f4cf65997a
  languageName: node
  linkType: hard

"array-back@npm:^3.0.1, array-back@npm:^3.1.0":
  version: 3.1.0
  resolution: "array-back@npm:3.1.0"
  checksum: 10c0/bb1fe86aa8b39c21e73c68c7abf8b05ed939b8951a3b17527217f6a2a84e00e4cfa4fdec823081689c5e216709bf1f214a4f5feeee6726eaff83897fa1a7b8ee
  languageName: node
  linkType: hard

"array-back@npm:^4.0.1, array-back@npm:^4.0.2":
  version: 4.0.2
  resolution: "array-back@npm:4.0.2"
  checksum: 10c0/8beb5b4c9535eab2905d4ff7d16c4d90ee5ca080d2b26b1e637434c0fcfadb3585283524aada753bd5d06bb88a5dac9e175c3a236183741d3d795a69b6678c96
  languageName: node
  linkType: hard

"balanced-match@npm:^1.0.0":
  version: 1.0.2
  resolution: "balanced-match@npm:1.0.2"
  checksum: 10c0/9308baf0a7e4838a82bbfd11e01b1cb0f0cf2893bc1676c27c2a8c0e70cbae1c59120c3268517a8ae7fb6376b4639ef81ca22582611dbee4ed28df945134aaee
  languageName: node
  linkType: hard

"base64-js@npm:^1.3.0, base64-js@npm:^1.3.1":
  version: 1.5.1
  resolution: "base64-js@npm:1.5.1"
  checksum: 10c0/f23823513b63173a001030fae4f2dabe283b99a9d324ade3ad3d148e218134676f1ee8568c877cd79ec1c53158dcf2d2ba527a97c606618928ba99dd930102bf
  languageName: node
  linkType: hard

"brace-expansion@npm:^1.1.7":
  version: 1.1.11
  resolution: "brace-expansion@npm:1.1.11"
  dependencies:
    balanced-match: "npm:^1.0.0"
    concat-map: "npm:0.0.1"
  checksum: 10c0/695a56cd058096a7cb71fb09d9d6a7070113c7be516699ed361317aca2ec169f618e28b8af352e02ab4233fb54eb0168460a40dc320bab0034b36ab59aaad668
  languageName: node
  linkType: hard

"browser-or-node@npm:^2.1.1":
  version: 2.1.1
  resolution: "browser-or-node@npm:2.1.1"
  checksum: 10c0/f727639581182f831b5bf4686b401dcad5cc29b5a6b70059c0aa90990844b8f15f3a1d328cc8e83dd3b4bfa69175f9bdf2f4383faec14d47205bfea532b9964d
  languageName: node
  linkType: hard

"buffer@npm:^6.0.3":
  version: 6.0.3
  resolution: "buffer@npm:6.0.3"
  dependencies:
    base64-js: "npm:^1.3.1"
    ieee754: "npm:^1.2.1"
  checksum: 10c0/2a905fbbcde73cc5d8bd18d1caa23715d5f83a5935867c2329f0ac06104204ba7947be098fe1317fbd8830e26090ff8e764f08cd14fefc977bb248c3487bcbd0
  languageName: node
  linkType: hard

"chalk@npm:^2.4.2":
  version: 2.4.2
  resolution: "chalk@npm:2.4.2"
  dependencies:
    ansi-styles: "npm:^3.2.1"
    escape-string-regexp: "npm:^1.0.5"
    supports-color: "npm:^5.3.0"
  checksum: 10c0/e6543f02ec877732e3a2d1c3c3323ddb4d39fbab687c23f526e25bd4c6a9bf3b83a696e8c769d078e04e5754921648f7821b2a2acfd16c550435fd630026e073
  languageName: node
  linkType: hard

"chalk@npm:^4.1.2":
  version: 4.1.2
  resolution: "chalk@npm:4.1.2"
  dependencies:
    ansi-styles: "npm:^4.1.0"
    supports-color: "npm:^7.1.0"
  checksum: 10c0/4a3fef5cc34975c898ffe77141450f679721df9dde00f6c304353fa9c8b571929123b26a0e4617bde5018977eb655b31970c297b91b63ee83bb82aeb04666880
  languageName: node
  linkType: hard

"cliui@npm:^8.0.1":
  version: 8.0.1
  resolution: "cliui@npm:8.0.1"
  dependencies:
    string-width: "npm:^4.2.0"
    strip-ansi: "npm:^6.0.1"
    wrap-ansi: "npm:^7.0.0"
  checksum: 10c0/4bda0f09c340cbb6dfdc1ed508b3ca080f12992c18d68c6be4d9cf51756033d5266e61ec57529e610dacbf4da1c634423b0c1b11037709cc6b09045cbd815df5
  languageName: node
  linkType: hard

"collection-utils@npm:^1.0.1":
  version: 1.0.1
  resolution: "collection-utils@npm:1.0.1"
  checksum: 10c0/dd5123e4b3df82ba55a1de72fb941b2b560eaa5d585cbf4d4f144dd500cd34c04ad16db0018866a7d561646e84b43ab5b5d443c9b06d434f1564d73427698dd5
  languageName: node
  linkType: hard

"color-convert@npm:^1.9.0":
  version: 1.9.3
  resolution: "color-convert@npm:1.9.3"
  dependencies:
    color-name: "npm:1.1.3"
  checksum: 10c0/5ad3c534949a8c68fca8fbc6f09068f435f0ad290ab8b2f76841b9e6af7e0bb57b98cb05b0e19fe33f5d91e5a8611ad457e5f69e0a484caad1f7487fd0e8253c
  languageName: node
  linkType: hard

"color-convert@npm:^2.0.1":
  version: 2.0.1
  resolution: "color-convert@npm:2.0.1"
  dependencies:
    color-name: "npm:~1.1.4"
  checksum: 10c0/37e1150172f2e311fe1b2df62c6293a342ee7380da7b9cfdba67ea539909afbd74da27033208d01d6d5cfc65ee7868a22e18d7e7648e004425441c0f8a15a7d7
  languageName: node
  linkType: hard

"color-name@npm:1.1.3":
  version: 1.1.3
  resolution: "color-name@npm:1.1.3"
  checksum: 10c0/566a3d42cca25b9b3cd5528cd7754b8e89c0eb646b7f214e8e2eaddb69994ac5f0557d9c175eb5d8f0ad73531140d9c47525085ee752a91a2ab15ab459caf6d6
  languageName: node
  linkType: hard

"color-name@npm:~1.1.4":
  version: 1.1.4
  resolution: "color-name@npm:1.1.4"
  checksum: 10c0/a1a3f914156960902f46f7f56bc62effc6c94e84b2cae157a526b1c1f74b677a47ec602bf68a61abfa2b42d15b7c5651c6dbe72a43af720bc588dff885b10f95
  languageName: node
  linkType: hard

"command-line-args@npm:^5.2.1":
  version: 5.2.1
  resolution: "command-line-args@npm:5.2.1"
  dependencies:
    array-back: "npm:^3.1.0"
    find-replace: "npm:^3.0.0"
    lodash.camelcase: "npm:^4.3.0"
    typical: "npm:^4.0.0"
  checksum: 10c0/a4f6a23a1e420441bd1e44dee24efd12d2e49af7efe6e21eb32fca4e843ca3d5501ddebad86a4e9d99aa626dd6dcb64c04a43695388be54e3a803dbc326cc89f
  languageName: node
  linkType: hard

"command-line-usage@npm:^6.1.3":
  version: 6.1.3
  resolution: "command-line-usage@npm:6.1.3"
  dependencies:
    array-back: "npm:^4.0.2"
    chalk: "npm:^2.4.2"
    table-layout: "npm:^1.0.2"
    typical: "npm:^5.2.0"
  checksum: 10c0/23d7577ccb6b6c004e67bb6a9a8cb77282ae7b7507ae92249a9548a39050b7602fef70f124c765000ab23b8f7e0fb7a3352419ab73ea42a2d9ea32f520cdfe9e
  languageName: node
  linkType: hard

"concat-map@npm:0.0.1":
  version: 0.0.1
  resolution: "concat-map@npm:0.0.1"
  checksum: 10c0/c996b1cfdf95b6c90fee4dae37e332c8b6eb7d106430c17d538034c0ad9a1630cb194d2ab37293b1bdd4d779494beee7786d586a50bd9376fd6f7bcc2bd4c98f
  languageName: node
  linkType: hard

"create-require@npm:^1.1.0":
  version: 1.1.1
  resolution: "create-require@npm:1.1.1"
  checksum: 10c0/157cbc59b2430ae9a90034a5f3a1b398b6738bf510f713edc4d4e45e169bc514d3d99dd34d8d01ca7ae7830b5b8b537e46ae8f3c8f932371b0875c0151d7ec91
  languageName: node
  linkType: hard

"cross-fetch@npm:^3.1.5":
  version: 3.2.0
  resolution: "cross-fetch@npm:3.2.0"
  dependencies:
    node-fetch: "npm:^2.7.0"
  checksum: 10c0/d8596adf0269130098a676f6739a0922f3cc7b71cc89729925411ebe851a87026171c82ea89154c4811c9867c01c44793205a52e618ce2684650218c7fbeeb9f
  languageName: node
  linkType: hard

"deep-extend@npm:~0.6.0":
  version: 0.6.0
  resolution: "deep-extend@npm:0.6.0"
  checksum: 10c0/1c6b0abcdb901e13a44c7d699116d3d4279fdb261983122a3783e7273844d5f2537dc2e1c454a23fcf645917f93fbf8d07101c1d03c015a87faa662755212566
  languageName: node
  linkType: hard

"diff@npm:^4.0.1":
  version: 4.0.2
  resolution: "diff@npm:4.0.2"
  checksum: 10c0/81b91f9d39c4eaca068eb0c1eb0e4afbdc5bb2941d197f513dd596b820b956fef43485876226d65d497bebc15666aa2aa82c679e84f65d5f2bfbf14ee46e32c1
  languageName: node
  linkType: hard

"emoji-regex@npm:^8.0.0":
  version: 8.0.0
  resolution: "emoji-regex@npm:8.0.0"
  checksum: 10c0/b6053ad39951c4cf338f9092d7bfba448cdfd46fe6a2a034700b149ac9ffbc137e361cbd3c442297f86bed2e5f7576c1b54cc0a6bf8ef5106cc62f496af35010
  languageName: node
  linkType: hard

"escalade@npm:^3.1.1":
  version: 3.2.0
  resolution: "escalade@npm:3.2.0"
  checksum: 10c0/ced4dd3a78e15897ed3be74e635110bbf3b08877b0a41be50dcb325ee0e0b5f65fc2d50e9845194d7c4633f327e2e1c6cce00a71b617c5673df0374201d67f65
  languageName: node
  linkType: hard

"escape-string-regexp@npm:^1.0.5":
  version: 1.0.5
  resolution: "escape-string-regexp@npm:1.0.5"
  checksum: 10c0/a968ad453dd0c2724e14a4f20e177aaf32bb384ab41b674a8454afe9a41c5e6fe8903323e0a1052f56289d04bd600f81278edf140b0fcc02f5cac98d0f5b5371
  languageName: node
  linkType: hard

"event-target-shim@npm:^5.0.0":
  version: 5.0.1
  resolution: "event-target-shim@npm:5.0.1"
  checksum: 10c0/0255d9f936215fd206156fd4caa9e8d35e62075d720dc7d847e89b417e5e62cf1ce6c9b4e0a1633a9256de0efefaf9f8d26924b1f3c8620cffb9db78e7d3076b
  languageName: node
  linkType: hard

"events@npm:^3.3.0":
  version: 3.3.0
  resolution: "events@npm:3.3.0"
  checksum: 10c0/d6b6f2adbccbcda74ddbab52ed07db727ef52e31a61ed26db9feb7dc62af7fc8e060defa65e5f8af9449b86b52cc1a1f6a79f2eafcf4e62add2b7a1fa4a432f6
  languageName: node
  linkType: hard

"find-replace@npm:^3.0.0":
  version: 3.0.0
  resolution: "find-replace@npm:3.0.0"
  dependencies:
    array-back: "npm:^3.0.1"
  checksum: 10c0/fcd1bf7960388c8193c2861bcdc760c18ac14edb4bde062a961915d9a25727b2e8aabf0229e90cc09c753fd557e5a3e5ae61e49cadbe727be89a9e8e49ce7668
  languageName: node
  linkType: hard

"fs.realpath@npm:^1.0.0":
  version: 1.0.0
  resolution: "fs.realpath@npm:1.0.0"
  checksum: 10c0/444cf1291d997165dfd4c0d58b69f0e4782bfd9149fd72faa4fe299e68e0e93d6db941660b37dd29153bf7186672ececa3b50b7e7249477b03fdf850f287c948
  languageName: node
  linkType: hard

"get-caller-file@npm:^2.0.5":
  version: 2.0.5
  resolution: "get-caller-file@npm:2.0.5"
  checksum: 10c0/c6c7b60271931fa752aeb92f2b47e355eac1af3a2673f47c9589e8f8a41adc74d45551c1bc57b5e66a80609f10ffb72b6f575e4370d61cc3f7f3aaff01757cde
  languageName: node
  linkType: hard

"glob@npm:^7.1.7":
  version: 7.2.3
  resolution: "glob@npm:7.2.3"
  dependencies:
    fs.realpath: "npm:^1.0.0"
    inflight: "npm:^1.0.4"
    inherits: "npm:2"
    minimatch: "npm:^3.1.1"
    once: "npm:^1.3.0"
    path-is-absolute: "npm:^1.0.0"
  checksum: 10c0/65676153e2b0c9095100fe7f25a778bf45608eeb32c6048cf307f579649bcc30353277b3b898a3792602c65764e5baa4f643714dfbdfd64ea271d210c7a425fe
  languageName: node
  linkType: hard

"graphql@npm:^0.11.7":
  version: 0.11.7
  resolution: "graphql@npm:0.11.7"
  dependencies:
    iterall: "npm:1.1.3"
  checksum: 10c0/a4a132c256fc297ce42c4b71f3712b10a39cfb8614e97c1fc7293483c940652155e6ac2b8f6b1fe6616ae67b7b68e06fe3e90295d05551fe1539c78d2be092f4
  languageName: node
  linkType: hard

"has-flag@npm:^3.0.0":
  version: 3.0.0
  resolution: "has-flag@npm:3.0.0"
  checksum: 10c0/1c6c83b14b8b1b3c25b0727b8ba3e3b647f99e9e6e13eb7322107261de07a4c1be56fc0d45678fc376e09772a3a1642ccdaf8fc69bdf123b6c086598397ce473
  languageName: node
  linkType: hard

"has-flag@npm:^4.0.0":
  version: 4.0.0
  resolution: "has-flag@npm:4.0.0"
  checksum: 10c0/2e789c61b7888d66993e14e8331449e525ef42aac53c627cc53d1c3334e768bcb6abdc4f5f0de1478a25beec6f0bd62c7549058b7ac53e924040d4f301f02fd1
  languageName: node
  linkType: hard

"ieee754@npm:^1.2.1":
  version: 1.2.1
  resolution: "ieee754@npm:1.2.1"
  checksum: 10c0/b0782ef5e0935b9f12883a2e2aa37baa75da6e66ce6515c168697b42160807d9330de9a32ec1ed73149aea02e0d822e572bca6f1e22bdcbd2149e13b050b17bb
  languageName: node
  linkType: hard

"inflight@npm:^1.0.4":
  version: 1.0.6
  resolution: "inflight@npm:1.0.6"
  dependencies:
    once: "npm:^1.3.0"
    wrappy: "npm:1"
  checksum: 10c0/7faca22584600a9dc5b9fca2cd5feb7135ac8c935449837b315676b4c90aa4f391ec4f42240178244b5a34e8bede1948627fda392ca3191522fc46b34e985ab2
  languageName: node
  linkType: hard

"inherits@npm:2, inherits@npm:^2.0.3":
  version: 2.0.4
  resolution: "inherits@npm:2.0.4"
  checksum: 10c0/4e531f648b29039fb7426fb94075e6545faa1eb9fe83c29f0b6d9e7263aceb4289d2d4557db0d428188eeb449cc7c5e77b0a0b2c4e248ff2a65933a0dee49ef2
  languageName: node
  linkType: hard

"is-fullwidth-code-point@npm:^3.0.0":
  version: 3.0.0
  resolution: "is-fullwidth-code-point@npm:3.0.0"
  checksum: 10c0/bb11d825e049f38e04c06373a8d72782eee0205bda9d908cc550ccb3c59b99d750ff9537982e01733c1c94a58e35400661f57042158ff5e8f3e90cf936daf0fc
  languageName: node
  linkType: hard

"is-url@npm:^1.2.4":
  version: 1.2.4
  resolution: "is-url@npm:1.2.4"
  checksum: 10c0/0157a79874f8f95fdd63540e3f38c8583c2ef572661cd0693cda80ae3e42dfe8e9a4a972ec1b827f861d9a9acf75b37f7d58a37f94a8a053259642912c252bc3
  languageName: node
  linkType: hard

"iterall@npm:1.1.3":
  version: 1.1.3
  resolution: "iterall@npm:1.1.3"
  checksum: 10c0/2ae3d4ca0c68fe9d1610f24664c6e4955a17be19e36116d125747774283c3d046682ff75545b1d8fabbcc7b6a29aa2f424f53d1051ea821fd932019a0d9a44c8
  languageName: node
  linkType: hard

"js-base64@npm:^2.4.3":
  version: 2.6.4
  resolution: "js-base64@npm:2.6.4"
  checksum: 10c0/95d93c4eca0bbe0f2d5ffe8682d9acd23051e5c0ad71873ff5a48dd46a5f19025de9f7b36e63fa3f02f342ae4a8ca4c56e7b590d7300ebb6639ce09675e0fd02
  languageName: node
  linkType: hard

"lodash.camelcase@npm:^4.3.0":
  version: 4.3.0
  resolution: "lodash.camelcase@npm:4.3.0"
  checksum: 10c0/fcba15d21a458076dd309fce6b1b4bf611d84a0ec252cb92447c948c533ac250b95d2e00955801ebc367e5af5ed288b996d75d37d2035260a937008e14eaf432
  languageName: node
  linkType: hard

"lodash@npm:^4.17.21":
  version: 4.17.21
  resolution: "lodash@npm:4.17.21"
  checksum: 10c0/d8cbea072bb08655bb4c989da418994b073a608dffa608b09ac04b43a791b12aeae7cd7ad919aa4c925f33b48490b5cfe6c1f71d827956071dae2e7bb3a6b74c
  languageName: node
  linkType: hard

"make-error@npm:^1.1.1":
  version: 1.3.6
  resolution: "make-error@npm:1.3.6"
  checksum: 10c0/171e458d86854c6b3fc46610cfacf0b45149ba043782558c6875d9f42f222124384ad0b468c92e996d815a8a2003817a710c0a160e49c1c394626f76fa45396f
  languageName: node
  linkType: hard

"minimatch@npm:^3.1.1":
  version: 3.1.2
  resolution: "minimatch@npm:3.1.2"
  dependencies:
    brace-expansion: "npm:^1.1.7"
  checksum: 10c0/0262810a8fc2e72cca45d6fd86bd349eee435eb95ac6aa45c9ea2180e7ee875ef44c32b55b5973ceabe95ea12682f6e3725cbb63d7a2d1da3ae1163c8b210311
  languageName: node
  linkType: hard

"moment@npm:^2.29.4":
  version: 2.30.1
  resolution: "moment@npm:2.30.1"
  checksum: 10c0/865e4279418c6de666fca7786607705fd0189d8a7b7624e2e56be99290ac846f90878a6f602e34b4e0455c549b85385b1baf9966845962b313699e7cb847543a
  languageName: node
  linkType: hard

"node-fetch@npm:^2.7.0":
  version: 2.7.0
  resolution: "node-fetch@npm:2.7.0"
  dependencies:
    whatwg-url: "npm:^5.0.0"
  peerDependencies:
    encoding: ^0.1.0
  peerDependenciesMeta:
    encoding:
      optional: true
  checksum: 10c0/b55786b6028208e6fbe594ccccc213cab67a72899c9234eb59dba51062a299ea853210fcf526998eaa2867b0963ad72338824450905679ff0fa304b8c5093ae8
  languageName: node
  linkType: hard

"once@npm:^1.3.0":
  version: 1.4.0
  resolution: "once@npm:1.4.0"
  dependencies:
    wrappy: "npm:1"
  checksum: 10c0/5d48aca287dfefabd756621c5dfce5c91a549a93e9fdb7b8246bc4c4790aa2ec17b34a260530474635147aeb631a2dcc8b32c613df0675f96041cbb8244517d0
  languageName: node
  linkType: hard

"open-metadata@workspace:.":
  version: 0.0.0-use.local
  resolution: "open-metadata@workspace:."
  dependencies:
    quicktype: "npm:20.0.27"
  languageName: unknown
  linkType: soft

"pako@npm:^0.2.5":
  version: 0.2.9
  resolution: "pako@npm:0.2.9"
  checksum: 10c0/79c1806ebcf325b60ae599e4d7227c2e346d7b829dc20f5cf24cef07c934079dc3a61c5b3c8278a2f7a190c4a613e343ea11e5302dbe252efd11712df4b6b041
  languageName: node
  linkType: hard

"pako@npm:^1.0.6":
  version: 1.0.11
  resolution: "pako@npm:1.0.11"
  checksum: 10c0/86dd99d8b34c3930345b8bbeb5e1cd8a05f608eeb40967b293f72fe469d0e9c88b783a8777e4cc7dc7c91ce54c5e93d88ff4b4f060e6ff18408fd21030d9ffbe
  languageName: node
  linkType: hard

"path-equal@npm:^1.1.2":
  version: 1.2.5
  resolution: "path-equal@npm:1.2.5"
  checksum: 10c0/c589767af1c9021dda41f3431ee52f5779ebba6cb10c9c00f7fb71f78af8454273680007b07654a7e8322f91a649c4b5727bfb88cf31565d738bdd0cf913ec25
  languageName: node
  linkType: hard

"path-is-absolute@npm:^1.0.0":
  version: 1.0.1
  resolution: "path-is-absolute@npm:1.0.1"
  checksum: 10c0/127da03c82172a2a50099cddbf02510c1791fc2cc5f7713ddb613a56838db1e8168b121a920079d052e0936c23005562059756d653b7c544c53185efe53be078
  languageName: node
  linkType: hard

"pluralize@npm:^8.0.0":
  version: 8.0.0
  resolution: "pluralize@npm:8.0.0"
  checksum: 10c0/2044cfc34b2e8c88b73379ea4a36fc577db04f651c2909041b054c981cd863dd5373ebd030123ab058d194ae615d3a97cfdac653991e499d10caf592e8b3dc33
  languageName: node
  linkType: hard

"process@npm:^0.11.10":
  version: 0.11.10
  resolution: "process@npm:0.11.10"
  checksum: 10c0/40c3ce4b7e6d4b8c3355479df77aeed46f81b279818ccdc500124e6a5ab882c0cc81ff7ea16384873a95a74c4570b01b120f287abbdd4c877931460eca6084b3
  languageName: node
  linkType: hard

"quicktype-core@npm:20.0.27":
  version: 20.0.27
  resolution: "quicktype-core@npm:20.0.27"
  dependencies:
    "@glideapps/ts-necessities": "npm:2.1.2"
    "@types/urijs": "npm:^1.19.19"
    browser-or-node: "npm:^2.1.1"
    collection-utils: "npm:^1.0.1"
    cross-fetch: "npm:^3.1.5"
    is-url: "npm:^1.2.4"
    js-base64: "npm:^2.4.3"
    lodash: "npm:^4.17.21"
    pako: "npm:^1.0.6"
    pluralize: "npm:^8.0.0"
    readable-stream: "npm:4.3.0"
    unicode-properties: "npm:^1.4.1"
    urijs: "npm:^1.19.1"
    wordwrap: "npm:^1.0.0"
    yaml: "npm:^2.2.1"
  checksum: 10c0/80f8e5a088fbad18fd4a8d90d631b1bd935f810913752d1cf500adad7fddee31f699ab1f29e6efb417d541dc265f7eca469e5bcaff79e03b243badc1737bd07c
  languageName: node
  linkType: hard

"quicktype-graphql-input@npm:20.0.27":
  version: 20.0.27
  resolution: "quicktype-graphql-input@npm:20.0.27"
  dependencies:
    collection-utils: "npm:^1.0.1"
    graphql: "npm:^0.11.7"
    quicktype-core: "npm:20.0.27"
  checksum: 10c0/8633777b2533181713a7e98b18f4ab4930357f32d98e48f72ff20e8d18489d637021a858e8d6e39ec9e2bbd993ff6d0ab5c383b6571a51862f392ca8eb21b4c7
  languageName: node
  linkType: hard

"quicktype-typescript-input@npm:20.0.27":
  version: 20.0.27
  resolution: "quicktype-typescript-input@npm:20.0.27"
  dependencies:
    "@mark.probst/typescript-json-schema": "npm:0.55.0"
    quicktype-core: "npm:20.0.27"
    typescript: "npm:4.9.4"
  checksum: 10c0/c3c4ae418b86933004039d7ed28f8b653c72f4a168ddd94aa472b05b6d0064a6a57b6138681791e339b65d0866c4b48313cfcf382e03505b441a639bc84ecfe6
  languageName: node
  linkType: hard

"quicktype@npm:20.0.27":
  version: 20.0.27
  resolution: "quicktype@npm:20.0.27"
  dependencies:
    "@glideapps/ts-necessities": "npm:^2.1.2"
    chalk: "npm:^4.1.2"
    command-line-args: "npm:^5.2.1"
    command-line-usage: "npm:^6.1.3"
    cross-fetch: "npm:^3.1.5"
    graphql: "npm:^0.11.7"
    lodash: "npm:^4.17.21"
    moment: "npm:^2.29.4"
    quicktype-core: "npm:20.0.27"
    quicktype-graphql-input: "npm:20.0.27"
    quicktype-typescript-input: "npm:20.0.27"
    readable-stream: "npm:^4.3.0"
    stream-json: "npm:1.7.5"
    string-to-stream: "npm:^3.0.1"
    typescript: "npm:4.9.4"
  bin:
    quicktype: dist/index.js
  checksum: 10c0/14d526644b966d3ea253750ad139558eb0173d0f5b890a470671d351905bbd86a0b7b40bc11b1d46a4d2ef174e3e241ec815555a0c5fecb1273c6bf1507b4965
  languageName: node
  linkType: hard

"readable-stream@npm:4.3.0":
  version: 4.3.0
  resolution: "readable-stream@npm:4.3.0"
  dependencies:
    abort-controller: "npm:^3.0.0"
    buffer: "npm:^6.0.3"
    events: "npm:^3.3.0"
    process: "npm:^0.11.10"
  checksum: 10c0/c74b8bfdfa09b0295e3cf031c17358ce6638e04498299c9c85ff922cd786e44b4098e79961d0c7ac9aa5a8279b335b8eb2f97d41fb0661bebce643be0ec3f49b
  languageName: node
  linkType: hard

"readable-stream@npm:^3.4.0":
  version: 3.6.2
  resolution: "readable-stream@npm:3.6.2"
  dependencies:
    inherits: "npm:^2.0.3"
    string_decoder: "npm:^1.1.1"
    util-deprecate: "npm:^1.0.1"
  checksum: 10c0/e37be5c79c376fdd088a45fa31ea2e423e5d48854be7a22a58869b4e84d25047b193f6acb54f1012331e1bcd667ffb569c01b99d36b0bd59658fb33f513511b7
  languageName: node
  linkType: hard

"readable-stream@npm:^4.3.0":
  version: 4.7.0
  resolution: "readable-stream@npm:4.7.0"
  dependencies:
    abort-controller: "npm:^3.0.0"
    buffer: "npm:^6.0.3"
    events: "npm:^3.3.0"
    process: "npm:^0.11.10"
    string_decoder: "npm:^1.3.0"
  checksum: 10c0/fd86d068da21cfdb10f7a4479f2e47d9c0a9b0c862fc0c840a7e5360201580a55ac399c764b12a4f6fa291f8cee74d9c4b7562e0d53b3c4b2769f2c98155d957
  languageName: node
  linkType: hard

"reduce-flatten@npm:^2.0.0":
  version: 2.0.0
  resolution: "reduce-flatten@npm:2.0.0"
  checksum: 10c0/9275064535bc070a787824c835a4f18394942f8a78f08e69fb500920124ce1c46a287c8d9e565a7ffad8104875a6feda14efa8e951e8e4585370b8ff007b0abd
  languageName: node
  linkType: hard

"require-directory@npm:^2.1.1":
  version: 2.1.1
  resolution: "require-directory@npm:2.1.1"
  checksum: 10c0/83aa76a7bc1531f68d92c75a2ca2f54f1b01463cb566cf3fbc787d0de8be30c9dbc211d1d46be3497dac5785fe296f2dd11d531945ac29730643357978966e99
  languageName: node
  linkType: hard

"safe-buffer@npm:~5.2.0":
  version: 5.2.1
  resolution: "safe-buffer@npm:5.2.1"
  checksum: 10c0/6501914237c0a86e9675d4e51d89ca3c21ffd6a31642efeba25ad65720bce6921c9e7e974e5be91a786b25aa058b5303285d3c15dbabf983a919f5f630d349f3
  languageName: node
  linkType: hard

"safe-stable-stringify@npm:^2.2.0":
  version: 2.5.0
  resolution: "safe-stable-stringify@npm:2.5.0"
  checksum: 10c0/baea14971858cadd65df23894a40588ed791769db21bafb7fd7608397dbdce9c5aac60748abae9995e0fc37e15f2061980501e012cd48859740796bea2987f49
  languageName: node
  linkType: hard

"stream-chain@npm:^2.2.5":
  version: 2.2.5
  resolution: "stream-chain@npm:2.2.5"
  checksum: 10c0/c512f50190d7c92d688fa64e7af540c51b661f9c2b775fc72bca38ea9bca515c64c22c2197b1be463741daacbaaa2dde8a8ea24ebda46f08391224f15249121a
  languageName: node
  linkType: hard

"stream-json@npm:1.7.5":
  version: 1.7.5
  resolution: "stream-json@npm:1.7.5"
  dependencies:
    stream-chain: "npm:^2.2.5"
  checksum: 10c0/b9e8328b4d02cebcff71ba4136f7202c7b43b860cc3ffaea6200bfda21aca79cc9cd1e29c42b0e3e1a0694b10ca01acc4ce90939e7566d6e122cb353fcb3fe32
  languageName: node
  linkType: hard

"string-to-stream@npm:^3.0.1":
  version: 3.0.1
  resolution: "string-to-stream@npm:3.0.1"
  dependencies:
    readable-stream: "npm:^3.4.0"
  checksum: 10c0/7ea5c51defbc87f96b7306fd63ed8b96cdd1d9f0e586922967d3e14487dbebd045282e15d1fddfaf42687e1aa24e46ec0941577a2d6b1be09c1af44387f1cc2b
  languageName: node
  linkType: hard

"string-width@npm:^4.1.0, string-width@npm:^4.2.0, string-width@npm:^4.2.3":
  version: 4.2.3
  resolution: "string-width@npm:4.2.3"
  dependencies:
    emoji-regex: "npm:^8.0.0"
    is-fullwidth-code-point: "npm:^3.0.0"
    strip-ansi: "npm:^6.0.1"
  checksum: 10c0/1e525e92e5eae0afd7454086eed9c818ee84374bb80328fc41217ae72ff5f065ef1c9d7f72da41de40c75fa8bb3dee63d92373fd492c84260a552c636392a47b
  languageName: node
  linkType: hard

"string_decoder@npm:^1.1.1, string_decoder@npm:^1.3.0":
  version: 1.3.0
  resolution: "string_decoder@npm:1.3.0"
  dependencies:
    safe-buffer: "npm:~5.2.0"
  checksum: 10c0/810614ddb030e271cd591935dcd5956b2410dd079d64ff92a1844d6b7588bf992b3e1b69b0f4d34a3e06e0bd73046ac646b5264c1987b20d0601f81ef35d731d
  languageName: node
  linkType: hard

"strip-ansi@npm:^6.0.0, strip-ansi@npm:^6.0.1":
  version: 6.0.1
  resolution: "strip-ansi@npm:6.0.1"
  dependencies:
    ansi-regex: "npm:^5.0.1"
  checksum: 10c0/1ae5f212a126fe5b167707f716942490e3933085a5ff6c008ab97ab2f272c8025d3aa218b7bd6ab25729ca20cc81cddb252102f8751e13482a5199e873680952
  languageName: node
  linkType: hard

"supports-color@npm:^5.3.0":
  version: 5.5.0
  resolution: "supports-color@npm:5.5.0"
  dependencies:
    has-flag: "npm:^3.0.0"
  checksum: 10c0/6ae5ff319bfbb021f8a86da8ea1f8db52fac8bd4d499492e30ec17095b58af11f0c55f8577390a749b1c4dde691b6a0315dab78f5f54c9b3d83f8fb5905c1c05
  languageName: node
  linkType: hard

"supports-color@npm:^7.1.0":
  version: 7.2.0
  resolution: "supports-color@npm:7.2.0"
  dependencies:
    has-flag: "npm:^4.0.0"
  checksum: 10c0/afb4c88521b8b136b5f5f95160c98dee7243dc79d5432db7efc27efb219385bbc7d9427398e43dd6cc730a0f87d5085ce1652af7efbe391327bc0a7d0f7fc124
  languageName: node
  linkType: hard

"table-layout@npm:^1.0.2":
  version: 1.0.2
  resolution: "table-layout@npm:1.0.2"
  dependencies:
    array-back: "npm:^4.0.1"
    deep-extend: "npm:~0.6.0"
    typical: "npm:^5.2.0"
    wordwrapjs: "npm:^4.0.0"
  checksum: 10c0/c1d16d5ba2199571606ff574a5c91cff77f14e8477746e191e7dfd294da03e61af4e8004f1f6f783da9582e1365f38d3c469980428998750d558bf29462cc6c3
  languageName: node
  linkType: hard

"tiny-inflate@npm:^1.0.0":
  version: 1.0.3
  resolution: "tiny-inflate@npm:1.0.3"
  checksum: 10c0/fab687537254f6ec44c9a2e880048fe70da3542aba28f73cda3e74c95cabf342a339372f2a6c032e322324f01accc03ca26c04ba2bad9b3eb8cf3ee99bba7f9b
  languageName: node
  linkType: hard

"tr46@npm:~0.0.3":
  version: 0.0.3
  resolution: "tr46@npm:0.0.3"
  checksum: 10c0/047cb209a6b60c742f05c9d3ace8fa510bff609995c129a37ace03476a9b12db4dbf975e74600830ef0796e18882b2381fb5fb1f6b4f96b832c374de3ab91a11
  languageName: node
  linkType: hard

"ts-node@npm:^10.9.1":
  version: 10.9.2
  resolution: "ts-node@npm:10.9.2"
  dependencies:
    "@cspotcode/source-map-support": "npm:^0.8.0"
    "@tsconfig/node10": "npm:^1.0.7"
    "@tsconfig/node12": "npm:^1.0.7"
    "@tsconfig/node14": "npm:^1.0.0"
    "@tsconfig/node16": "npm:^1.0.2"
    acorn: "npm:^8.4.1"
    acorn-walk: "npm:^8.1.1"
    arg: "npm:^4.1.0"
    create-require: "npm:^1.1.0"
    diff: "npm:^4.0.1"
    make-error: "npm:^1.1.1"
    v8-compile-cache-lib: "npm:^3.0.1"
    yn: "npm:3.1.1"
  peerDependencies:
    "@swc/core": ">=1.2.50"
    "@swc/wasm": ">=1.2.50"
    "@types/node": "*"
    typescript: ">=2.7"
  peerDependenciesMeta:
    "@swc/core":
      optional: true
    "@swc/wasm":
      optional: true
  bin:
    ts-node: dist/bin.js
    ts-node-cwd: dist/bin-cwd.js
    ts-node-esm: dist/bin-esm.js
    ts-node-script: dist/bin-script.js
    ts-node-transpile-only: dist/bin-transpile.js
    ts-script: dist/bin-script-deprecated.js
  checksum: 10c0/5f29938489f96982a25ba650b64218e83a3357d76f7bede80195c65ab44ad279c8357264639b7abdd5d7e75fc269a83daa0e9c62fd8637a3def67254ecc9ddc2
  languageName: node
  linkType: hard

"typescript@npm:4.9.4":
  version: 4.9.4
  resolution: "typescript@npm:4.9.4"
  bin:
    tsc: bin/tsc
    tsserver: bin/tsserver
  checksum: 10c0/5008b97a2a3afdbe57ea70e504ebc8ec98f18d888059dfb7932a41f566a1360a28afc8de2a440fd6143b4014cc6d2616079931dc690c7513c2d21fa53957e0ec
  languageName: node
  linkType: hard

"typescript@patch:typescript@npm%3A4.9.4#optional!builtin<compat/typescript>":
  version: 4.9.4
  resolution: "typescript@patch:typescript@npm%3A4.9.4#optional!builtin<compat/typescript>::version=4.9.4&hash=289587"
  bin:
    tsc: bin/tsc
    tsserver: bin/tsserver
  checksum: 10c0/d2949ccbf74e52ec8a153e5b2996439854e40937334b97374d4985c47465de1b63a611f15dc9bab9a8ae735fbedfabdf30f55e968778d890600f8472c286a08a
  languageName: node
  linkType: hard

"typical@npm:^4.0.0":
  version: 4.0.0
  resolution: "typical@npm:4.0.0"
  checksum: 10c0/f300b198fb9fe743859b75ec761d53c382723dc178bbce4957d9cb754f2878a44ce17dc0b6a5156c52be1065449271f63754ba594dac225b80ce3aa39f9241ed
  languageName: node
  linkType: hard

"typical@npm:^5.2.0":
  version: 5.2.0
  resolution: "typical@npm:5.2.0"
  checksum: 10c0/1cceaa20d4b77a02ab8eccfe4a20500729431aecc1e1b7dc70c0e726e7966efdca3bf0b4bee285555b751647e37818fd99154ea73f74b5c29adc95d3c13f5973
  languageName: node
  linkType: hard

"unicode-properties@npm:^1.4.1":
  version: 1.4.1
  resolution: "unicode-properties@npm:1.4.1"
  dependencies:
    base64-js: "npm:^1.3.0"
    unicode-trie: "npm:^2.0.0"
  checksum: 10c0/1d140b7945664fb0ef53de955170821e077b949eef377c6e4905902f07e339039271bfa2a005e4f4c6074b080d3420b486c52dc905e11f924949a04d1fb47ffd
  languageName: node
  linkType: hard

"unicode-trie@npm:^2.0.0":
  version: 2.0.0
  resolution: "unicode-trie@npm:2.0.0"
  dependencies:
    pako: "npm:^0.2.5"
    tiny-inflate: "npm:^1.0.0"
  checksum: 10c0/2422368645249f315640a1c9e9506046aa7738fc9c5d59e15c207cdd6ec66101c35b0b9f75dc3ac28fe7be19aaf1efc898bbea074fa1e8e295ef736aeb7904bb
  languageName: node
  linkType: hard

"urijs@npm:^1.19.1":
  version: 1.19.11
  resolution: "urijs@npm:1.19.11"
  checksum: 10c0/96e15eea5b41a99361d506e4d8fcc64dc43f334bd5fd34e08261467b6954b97a6b45929a8d6c79e2dc76aadfd6ca950e0f4bd7f3c0757a08978429634d07eda1
  languageName: node
  linkType: hard

"util-deprecate@npm:^1.0.1":
  version: 1.0.2
  resolution: "util-deprecate@npm:1.0.2"
  checksum: 10c0/41a5bdd214df2f6c3ecf8622745e4a366c4adced864bc3c833739791aeeeb1838119af7daed4ba36428114b5c67dcda034a79c882e97e43c03e66a4dd7389942
  languageName: node
  linkType: hard

"v8-compile-cache-lib@npm:^3.0.1":
  version: 3.0.1
  resolution: "v8-compile-cache-lib@npm:3.0.1"
  checksum: 10c0/bdc36fb8095d3b41df197f5fb6f11e3a26adf4059df3213e3baa93810d8f0cc76f9a74aaefc18b73e91fe7e19154ed6f134eda6fded2e0f1c8d2272ed2d2d391
  languageName: node
  linkType: hard

"webidl-conversions@npm:^3.0.0":
  version: 3.0.1
  resolution: "webidl-conversions@npm:3.0.1"
  checksum: 10c0/5612d5f3e54760a797052eb4927f0ddc01383550f542ccd33d5238cfd65aeed392a45ad38364970d0a0f4fea32e1f4d231b3d8dac4a3bdd385e5cf802ae097db
  languageName: node
  linkType: hard

"whatwg-url@npm:^5.0.0":
  version: 5.0.0
  resolution: "whatwg-url@npm:5.0.0"
  dependencies:
    tr46: "npm:~0.0.3"
    webidl-conversions: "npm:^3.0.0"
  checksum: 10c0/1588bed84d10b72d5eec1d0faa0722ba1962f1821e7539c535558fb5398d223b0c50d8acab950b8c488b4ba69043fd833cc2697056b167d8ad46fac3995a55d5
  languageName: node
  linkType: hard

"wordwrap@npm:^1.0.0":
  version: 1.0.0
  resolution: "wordwrap@npm:1.0.0"
  checksum: 10c0/7ed2e44f3c33c5c3e3771134d2b0aee4314c9e49c749e37f464bf69f2bcdf0cbf9419ca638098e2717cff4875c47f56a007532f6111c3319f557a2ca91278e92
  languageName: node
  linkType: hard

"wordwrapjs@npm:^4.0.0":
  version: 4.0.1
  resolution: "wordwrapjs@npm:4.0.1"
  dependencies:
    reduce-flatten: "npm:^2.0.0"
    typical: "npm:^5.2.0"
  checksum: 10c0/4cc43eb0f6adb7214d427e68918357a9df483815efbb4c59beb30972714b1804ede2a551b1dfd2234c0bd413c6f07d6daa6522d1c53f43f89a376d815fbf3c43
  languageName: node
  linkType: hard

"wrap-ansi@npm:^7.0.0":
  version: 7.0.0
  resolution: "wrap-ansi@npm:7.0.0"
  dependencies:
    ansi-styles: "npm:^4.0.0"
    string-width: "npm:^4.1.0"
    strip-ansi: "npm:^6.0.0"
  checksum: 10c0/d15fc12c11e4cbc4044a552129ebc75ee3f57aa9c1958373a4db0292d72282f54373b536103987a4a7594db1ef6a4f10acf92978f79b98c49306a4b58c77d4da
  languageName: node
  linkType: hard

"wrappy@npm:1":
  version: 1.0.2
  resolution: "wrappy@npm:1.0.2"
  checksum: 10c0/56fece1a4018c6a6c8e28fbc88c87e0fbf4ea8fd64fc6c63b18f4acc4bd13e0ad2515189786dd2c30d3eec9663d70f4ecf699330002f8ccb547e4a18231fc9f0
  languageName: node
  linkType: hard

"y18n@npm:^5.0.5":
  version: 5.0.8
  resolution: "y18n@npm:5.0.8"
  checksum: 10c0/4df2842c36e468590c3691c894bc9cdbac41f520566e76e24f59401ba7d8b4811eb1e34524d57e54bc6d864bcb66baab7ffd9ca42bf1eda596618f9162b91249
  languageName: node
  linkType: hard

"yaml@npm:^2.2.1":
  version: 2.7.0
  resolution: "yaml@npm:2.7.0"
  bin:
    yaml: bin.mjs
  checksum: 10c0/886a7d2abbd70704b79f1d2d05fe9fb0aa63aefb86e1cb9991837dced65193d300f5554747a872b4b10ae9a12bc5d5327e4d04205f70336e863e35e89d8f4ea9
  languageName: node
  linkType: hard

"yargs-parser@npm:^21.1.1":
  version: 21.1.1
  resolution: "yargs-parser@npm:21.1.1"
  checksum: 10c0/f84b5e48169479d2f402239c59f084cfd1c3acc197a05c59b98bab067452e6b3ea46d4dd8ba2985ba7b3d32a343d77df0debd6b343e5dae3da2aab2cdf5886b2
  languageName: node
  linkType: hard

"yargs@npm:^17.1.1":
  version: 17.7.2
  resolution: "yargs@npm:17.7.2"
  dependencies:
    cliui: "npm:^8.0.1"
    escalade: "npm:^3.1.1"
    get-caller-file: "npm:^2.0.5"
    require-directory: "npm:^2.1.1"
    string-width: "npm:^4.2.3"
    y18n: "npm:^5.0.5"
    yargs-parser: "npm:^21.1.1"
  checksum: 10c0/ccd7e723e61ad5965fffbb791366db689572b80cca80e0f96aad968dfff4156cd7cd1ad18607afe1046d8241e6fb2d6c08bf7fa7bfb5eaec818735d8feac8f05
  languageName: node
  linkType: hard

"yn@npm:3.1.1":
  version: 3.1.1
  resolution: "yn@npm:3.1.1"
  checksum: 10c0/0732468dd7622ed8a274f640f191f3eaf1f39d5349a1b72836df484998d7d9807fbea094e2f5486d6b0cd2414aad5775972df0e68f8604db89a239f0f4bf7443
  languageName: node
  linkType: hard
